
Microsoft Visual Studio Solution File, Format Version 12.00
# Visual Studio Version 16
VisualStudioVersion = 16.0.35425.106
MinimumVisualStudioVersion = 10.0.40219.1
Project("{F184B08F-C81C-45F6-A57F-5ABD9991F28F}") = "GearUp", "GearUp.vbproj", "{A5D41BAC-2BD4-41DC-BAA2-D869C8733E77}"
EndProject
Global
	GlobalSection(SolutionConfigurationPlatforms) = preSolution
		Debug|Any CPU = Debug|Any CPU
		Release|Any CPU = Release|Any CPU
	EndGlobalSection
	GlobalSection(ProjectConfigurationPlatforms) = postSolution
		{A5D41BAC-2BD4-41DC-BAA2-D869C8733E77}.Debug|Any CPU.ActiveCfg = Debug|Any CPU
		{A5D41BAC-2BD4-41DC-BAA2-D869C8733E77}.Debug|Any CPU.Build.0 = Debug|Any CPU
		{A5D41BAC-2BD4-41DC-BAA2-D869C8733E77}.Release|Any CPU.ActiveCfg = Release|Any CPU
		{A5D41BAC-2BD4-41DC-BAA2-D869C8733E77}.Release|Any CPU.Build.0 = Release|Any CPU
	EndGlobalSection
	GlobalSection(SolutionProperties) = preSolution
		HideSolutionNode = FALSE
	EndGlobalSection
	GlobalSection(ExtensibilityGlobals) = postSolution
		SolutionGuid = {50AEB4F7-8321-41E2-847F-8AB581A37F4F}
	EndGlobalSection
EndGlobal
